<Solution>
  <Folder Name="/Models/">
    <Project Path="Models/OpperSharp.Models.Analytics/OpperSharp.Models.Analytics.csproj" />
    <Project Path="Models/OpperSharp.Models.Chat/OpperSharp.Models.Chat.csproj" Id="492f2b95-e534-4b09-bd1d-4147a8c620a9" />
    <Project Path="Models/OpperSharp.Models.Common/OpperSharp.Models.Common.csproj" Id="3b24a365-c0f6-4115-b3b6-cef06f02d577" />
    <Project Path="Models/OpperSharp.Models.Datasets/OpperSharp.Models.Datasets.csproj" />
    <Project Path="Models/OpperSharp.Models.Embeddings/OpperSharp.Models.Embeddings.csproj" />
    <Project Path="Models/OpperSharp.Models.Functions/OpperSharp.Models.Functions.csproj" Id="256ed832-4cec-4c65-b7b7-3c36ccc8570a" />
    <Project Path="Models/OpperSharp.Models.Indexes/OpperSharp.Models.Indexes.csproj" Id="855ba4cb-6815-40a1-8d0e-5f08333a541c" />
    <Project Path="Models/OpperSharp.Models.Knowledge/OpperSharp.Models.Knowledge.csproj" />
    <Project Path="Models/OpperSharp.Models.Models/OpperSharp.Models.Models.csproj" />
    <Project Path="Models/OpperSharp.Models.Ocr/OpperSharp.Models.Ocr.csproj" />
    <Project Path="Models/OpperSharp.Models.Rerank/OpperSharp.Models.Rerank.csproj" />
    <Project Path="Models/OpperSharp.Models.Spans/OpperSharp.Models.Spans.csproj" Id="2c3fe6b6-200a-4002-ac84-d68cadd33bd4" />
  </Folder>
  <Folder Name="/Solution Items/">
    <File Path="../doc/Agents-Explained-Swedish.md" />
    <File Path="../doc/Bidirectional Repo Mirror Guide.md" />
    <File Path="../doc/Embeddings-Explained-Swedish.md" />
    <File Path="../doc/How-To-Delete-Model-Aliases-Swedish.md" />
    <File Path="../doc/KnowledgeBase-and-ModelAliases-Explained-Swedish.md" />
    <File Path="../doc/OpperSharp-Complete-Overview.md" />
    <File Path="../doc/OpperSharp-Presentation-Natural.html" />
    <File Path="../doc/OpperSharp-Presentation-Swedish-Notes.html" />
    <File Path="../doc/OpperSharp-Presentation-Swedish-Professional.html" />
    <File Path="../doc/OpperSharp-Presentation-Swedish.html" />
    <File Path="../doc/OpperSharp-Presentation.html" />
    <File Path="../doc/OpperSharp-Presentation.md" />
    <File Path="../doc/QuickStart-Guide.md" />
    <File Path="../doc/SDK-Usage-Examples.md" />
    <File Path="../doc/Setup-Functions-Guide-Swedish.md" />
    <File Path="../doc/v2-API-Migration-Analysis.md" />
  </Folder>
  <Project Path="OpperSharp.Agents/OpperSharp.Agents.csproj" Id="0de0bf97-b970-4638-acda-b7dbec0bb718" />
  <Project Path="OpperSharp.Clients/OpperSharp.Clients.csproj" Id="2cecfc01-c946-48e0-8738-3cb1f302c4dd" />
  <Project Path="OpperSharp.Core/OpperSharp.Core.csproj" Id="274eca71-b211-4cb3-a0f0-4d1b9de6e694" />
  <Project Path="OpperSharp.Exceptions/OpperSharp.Exceptions.csproj" Id="4864d006-c70b-4bdb-a69f-e1ff39d5e533" />
  <Project Path="OpperSharp.Utilities/OpperSharp.Utilities.csproj" Id="adc4fded-fbbd-4c78-96e6-951f8939af95" />
  <Project Path="UI/OpperSharp.UI.TestConsole/OpperSharp.UI.TestConsole.csproj" Id="0f67f6d5-b35c-444f-86a7-62d79e2e3f31" />
</Solution>
